
Microsoft Visual Studio Solution File, Format Version 12.00
# Visual Studio Version 16
VisualStudioVersion = 16.0.31624.102
MinimumVisualStudioVersion = 10.0.40219.1
Project("{FAE04EC0-301F-11D3-BF4B-00C04F79EFBC}") = "SkolaDBProjekt", "SkolaDBProjekt\SkolaDBProjekt.csproj", "{3CC3A9C6-1682-48FB-8F7F-B3A78A8D6BE6}"
EndProject
Global
	GlobalSection(SolutionConfigurationPlatforms) = preSolution
		Debug|Any CPU = Debug|Any CPU
		Release|Any CPU = Release|Any CPU
	EndGlobalSection
	GlobalSection(ProjectConfigurationPlatforms) = postSolution
		{3CC3A9C6-1682-48FB-8F7F-B3A78A8D6BE6}.Debug|Any CPU.ActiveCfg = Debug|Any CPU
		{3CC3A9C6-1682-48FB-8F7F-B3A78A8D6BE6}.Debug|Any CPU.Build.0 = Debug|Any CPU
		{3CC3A9C6-1682-48FB-8F7F-B3A78A8D6BE6}.Release|Any CPU.ActiveCfg = Release|Any CPU
		{3CC3A9C6-1682-48FB-8F7F-B3A78A8D6BE6}.Release|Any CPU.Build.0 = Release|Any CPU
	EndGlobalSection
	GlobalSection(SolutionProperties) = preSolution
		HideSolutionNode = FALSE
	EndGlobalSection
	GlobalSection(ExtensibilityGlobals) = postSolution
		SolutionGuid = {8227C095-CAAB-4BDC-8ACF-CD53F9290768}
	EndGlobalSection
EndGlobal
